
Microsoft Visual Studio Solution File, Format Version 12.00
# Visual Studio Version 17
VisualStudioVersion = 17.9.34622.214
MinimumVisualStudioVersion = 10.0.40219.1
Project("{8BC9CEB8-8B4A-11D0-8D11-00A0C91BC942}") = "HerculesAC", "HerculesAC\HerculesAC.vcxproj", "{F00E9035-12A2-400F-B8EF-77D8A965E419}"
EndProject
Project("{8BC9CEB8-8B4A-11D0-8D11-00A0C91BC942}") = "GameLauncher", "GameLauncher\GameLauncher.vcxproj", "{42B9E27E-05FF-4EC7-8A87-7BC31066419A}"
EndProject
Project("{8BC9CEB8-8B4A-11D0-8D11-00A0C91BC942}") = "GameMon", "GameMon\GameMon.vcxproj", "{17CFB260-0C12-456D-B117-696C476845C5}"
EndProject
Project("{8BC9CEB8-8B4A-11D0-8D11-00A0C91BC942}") = "GameProtect", "GameProtect\GameProtect.vcxproj", "{1A2A537E-CD8B-4D12-AF0B-14239C1C9E96}"
EndProject
Project("{8BC9CEB8-8B4A-11D0-8D11-00A0C91BC942}") = "Bypass", "Bypass\Bypass.vcxproj", "{994329DA-9148-4C1E-AD8A-257185F764C4}"
EndProject
Project("{8BC9CEB8-8B4A-11D0-8D11-00A0C91BC942}") = "ExampleDLL", "ExampleDLL\ExampleDLL.vcxproj", "{7880EFE5-92B3-4576-875E-DF3787DE9AC3}"
EndProject
Project("{8BC9CEB8-8B4A-11D0-8D11-00A0C91BC942}") = "herculeskernel", "herculeskernel\herculeskernel.vcxproj", "{605B036F-2204-45DD-BF1A-9C6D398DA3EB}"
EndProject
Project("{2150E333-8FDC-42A3-9474-1A3956D46DE8}") = "um", "um", "{F83ECCEF-8B19-4A8A-84A1-252322B310EE}"
EndProject
Project("{2150E333-8FDC-42A3-9474-1A3956D46DE8}") = "km", "km", "{CA48BC63-BF08-450D-B65C-5B7D80AB1394}"
EndProject
Project("{8BC9CEB8-8B4A-11D0-8D11-00A0C91BC942}") = "gtest", "Common\include\googletest\build\gtest.vcxproj", "{780D6D12-5C95-4648-91D2-3DB110C0D142}"
EndProject
Global
	GlobalSection(SolutionConfigurationPlatforms) = preSolution
		Debug|ARM64 = Debug|ARM64
		Debug|x64 = Debug|x64
		Debug|x86 = Debug|x86
		Release|ARM64 = Release|ARM64
		Release|x64 = Release|x64
		Release|x86 = Release|x86
	EndGlobalSection
	GlobalSection(ProjectConfigurationPlatforms) = postSolution
		{F00E9035-12A2-400F-B8EF-77D8A965E419}.Debug|ARM64.ActiveCfg = Debug|x64
		{F00E9035-12A2-400F-B8EF-77D8A965E419}.Debug|ARM64.Build.0 = Debug|x64
		{F00E9035-12A2-400F-B8EF-77D8A965E419}.Debug|x64.ActiveCfg = Debug|x64
		{F00E9035-12A2-400F-B8EF-77D8A965E419}.Debug|x64.Build.0 = Debug|x64
		{F00E9035-12A2-400F-B8EF-77D8A965E419}.Debug|x86.ActiveCfg = Debug|Win32
		{F00E9035-12A2-400F-B8EF-77D8A965E419}.Debug|x86.Build.0 = Debug|Win32
		{F00E9035-12A2-400F-B8EF-77D8A965E419}.Release|ARM64.ActiveCfg = Release|x64
		{F00E9035-12A2-400F-B8EF-77D8A965E419}.Release|ARM64.Build.0 = Release|x64
		{F00E9035-12A2-400F-B8EF-77D8A965E419}.Release|x64.ActiveCfg = Release|x64
		{F00E9035-12A2-400F-B8EF-77D8A965E419}.Release|x64.Build.0 = Release|x64
		{F00E9035-12A2-400F-B8EF-77D8A965E419}.Release|x86.ActiveCfg = Release|Win32
		{F00E9035-12A2-400F-B8EF-77D8A965E419}.Release|x86.Build.0 = Release|Win32
		{42B9E27E-05FF-4EC7-8A87-7BC31066419A}.Debug|ARM64.ActiveCfg = Debug|x64
		{42B9E27E-05FF-4EC7-8A87-7BC31066419A}.Debug|ARM64.Build.0 = Debug|x64
		{42B9E27E-05FF-4EC7-8A87-7BC31066419A}.Debug|x64.ActiveCfg = Debug|x64
		{42B9E27E-05FF-4EC7-8A87-7BC31066419A}.Debug|x64.Build.0 = Debug|x64
		{42B9E27E-05FF-4EC7-8A87-7BC31066419A}.Debug|x86.ActiveCfg = Debug|Win32
		{42B9E27E-05FF-4EC7-8A87-7BC31066419A}.Debug|x86.Build.0 = Debug|Win32
		{42B9E27E-05FF-4EC7-8A87-7BC31066419A}.Release|ARM64.ActiveCfg = Release|x64
		{42B9E27E-05FF-4EC7-8A87-7BC31066419A}.Release|ARM64.Build.0 = Release|x64
		{42B9E27E-05FF-4EC7-8A87-7BC31066419A}.Release|x64.ActiveCfg = Release|x64
		{42B9E27E-05FF-4EC7-8A87-7BC31066419A}.Release|x64.Build.0 = Release|x64
		{42B9E27E-05FF-4EC7-8A87-7BC31066419A}.Release|x86.ActiveCfg = Release|Win32
		{42B9E27E-05FF-4EC7-8A87-7BC31066419A}.Release|x86.Build.0 = Release|Win32
		{17CFB260-0C12-456D-B117-696C476845C5}.Debug|ARM64.ActiveCfg = Debug|x64
		{17CFB260-0C12-456D-B117-696C476845C5}.Debug|ARM64.Build.0 = Debug|x64
		{17CFB260-0C12-456D-B117-696C476845C5}.Debug|x64.ActiveCfg = Debug|x64
		{17CFB260-0C12-456D-B117-696C476845C5}.Debug|x64.Build.0 = Debug|x64
		{17CFB260-0C12-456D-B117-696C476845C5}.Debug|x86.ActiveCfg = Debug|Win32
		{17CFB260-0C12-456D-B117-696C476845C5}.Debug|x86.Build.0 = Debug|Win32
		{17CFB260-0C12-456D-B117-696C476845C5}.Release|ARM64.ActiveCfg = Release|x64
		{17CFB260-0C12-456D-B117-696C476845C5}.Release|ARM64.Build.0 = Release|x64
		{17CFB260-0C12-456D-B117-696C476845C5}.Release|x64.ActiveCfg = Release|x64
		{17CFB260-0C12-456D-B117-696C476845C5}.Release|x64.Build.0 = Release|x64
		{17CFB260-0C12-456D-B117-696C476845C5}.Release|x86.ActiveCfg = Release|Win32
		{17CFB260-0C12-456D-B117-696C476845C5}.Release|x86.Build.0 = Release|Win32
		{1A2A537E-CD8B-4D12-AF0B-14239C1C9E96}.Debug|ARM64.ActiveCfg = Debug|x64
		{1A2A537E-CD8B-4D12-AF0B-14239C1C9E96}.Debug|ARM64.Build.0 = Debug|x64
		{1A2A537E-CD8B-4D12-AF0B-14239C1C9E96}.Debug|x64.ActiveCfg = Debug|x64
		{1A2A537E-CD8B-4D12-AF0B-14239C1C9E96}.Debug|x64.Build.0 = Debug|x64
		{1A2A537E-CD8B-4D12-AF0B-14239C1C9E96}.Debug|x86.ActiveCfg = Debug|Win32
		{1A2A537E-CD8B-4D12-AF0B-14239C1C9E96}.Debug|x86.Build.0 = Debug|Win32
		{1A2A537E-CD8B-4D12-AF0B-14239C1C9E96}.Release|ARM64.ActiveCfg = Release|x64
		{1A2A537E-CD8B-4D12-AF0B-14239C1C9E96}.Release|ARM64.Build.0 = Release|x64
		{1A2A537E-CD8B-4D12-AF0B-14239C1C9E96}.Release|x64.ActiveCfg = Release|x64
		{1A2A537E-CD8B-4D12-AF0B-14239C1C9E96}.Release|x64.Build.0 = Release|x64
		{1A2A537E-CD8B-4D12-AF0B-14239C1C9E96}.Release|x86.ActiveCfg = Release|Win32
		{1A2A537E-CD8B-4D12-AF0B-14239C1C9E96}.Release|x86.Build.0 = Release|Win32
		{994329DA-9148-4C1E-AD8A-257185F764C4}.Debug|ARM64.ActiveCfg = Debug|x64
		{994329DA-9148-4C1E-AD8A-257185F764C4}.Debug|ARM64.Build.0 = Debug|x64
		{994329DA-9148-4C1E-AD8A-257185F764C4}.Debug|x64.ActiveCfg = Debug|x64
		{994329DA-9148-4C1E-AD8A-257185F764C4}.Debug|x64.Build.0 = Debug|x64
		{994329DA-9148-4C1E-AD8A-257185F764C4}.Debug|x86.ActiveCfg = Debug|Win32
		{994329DA-9148-4C1E-AD8A-257185F764C4}.Debug|x86.Build.0 = Debug|Win32
		{994329DA-9148-4C1E-AD8A-257185F764C4}.Release|ARM64.ActiveCfg = Release|x64
		{994329DA-9148-4C1E-AD8A-257185F764C4}.Release|ARM64.Build.0 = Release|x64
		{994329DA-9148-4C1E-AD8A-257185F764C4}.Release|x64.ActiveCfg = Release|x64
		{994329DA-9148-4C1E-AD8A-257185F764C4}.Release|x64.Build.0 = Release|x64
		{994329DA-9148-4C1E-AD8A-257185F764C4}.Release|x86.ActiveCfg = Release|Win32
		{994329DA-9148-4C1E-AD8A-257185F764C4}.Release|x86.Build.0 = Release|Win32
		{7880EFE5-92B3-4576-875E-DF3787DE9AC3}.Debug|ARM64.ActiveCfg = Debug|x64
		{7880EFE5-92B3-4576-875E-DF3787DE9AC3}.Debug|ARM64.Build.0 = Debug|x64
		{7880EFE5-92B3-4576-875E-DF3787DE9AC3}.Debug|x64.ActiveCfg = Debug|x64
		{7880EFE5-92B3-4576-875E-DF3787DE9AC3}.Debug|x64.Build.0 = Debug|x64
		{7880EFE5-92B3-4576-875E-DF3787DE9AC3}.Debug|x86.ActiveCfg = Debug|Win32
		{7880EFE5-92B3-4576-875E-DF3787DE9AC3}.Debug|x86.Build.0 = Debug|Win32
		{7880EFE5-92B3-4576-875E-DF3787DE9AC3}.Release|ARM64.ActiveCfg = Release|x64
		{7880EFE5-92B3-4576-875E-DF3787DE9AC3}.Release|ARM64.Build.0 = Release|x64
		{7880EFE5-92B3-4576-875E-DF3787DE9AC3}.Release|x64.ActiveCfg = Release|x64
		{7880EFE5-92B3-4576-875E-DF3787DE9AC3}.Release|x64.Build.0 = Release|x64
		{7880EFE5-92B3-4576-875E-DF3787DE9AC3}.Release|x86.ActiveCfg = Release|Win32
		{7880EFE5-92B3-4576-875E-DF3787DE9AC3}.Release|x86.Build.0 = Release|Win32
		{605B036F-2204-45DD-BF1A-9C6D398DA3EB}.Debug|ARM64.ActiveCfg = Debug|ARM64
		{605B036F-2204-45DD-BF1A-9C6D398DA3EB}.Debug|ARM64.Build.0 = Debug|ARM64
		{605B036F-2204-45DD-BF1A-9C6D398DA3EB}.Debug|ARM64.Deploy.0 = Debug|ARM64
		{605B036F-2204-45DD-BF1A-9C6D398DA3EB}.Debug|x64.ActiveCfg = Debug|x64
		{605B036F-2204-45DD-BF1A-9C6D398DA3EB}.Debug|x64.Build.0 = Debug|x64
		{605B036F-2204-45DD-BF1A-9C6D398DA3EB}.Debug|x64.Deploy.0 = Debug|x64
		{605B036F-2204-45DD-BF1A-9C6D398DA3EB}.Debug|x86.ActiveCfg = Debug|x64
		{605B036F-2204-45DD-BF1A-9C6D398DA3EB}.Debug|x86.Build.0 = Debug|x64
		{605B036F-2204-45DD-BF1A-9C6D398DA3EB}.Debug|x86.Deploy.0 = Debug|x64
		{605B036F-2204-45DD-BF1A-9C6D398DA3EB}.Release|ARM64.ActiveCfg = Release|ARM64
		{605B036F-2204-45DD-BF1A-9C6D398DA3EB}.Release|ARM64.Build.0 = Release|ARM64
		{605B036F-2204-45DD-BF1A-9C6D398DA3EB}.Release|ARM64.Deploy.0 = Release|ARM64
		{605B036F-2204-45DD-BF1A-9C6D398DA3EB}.Release|x64.ActiveCfg = Release|x64
		{605B036F-2204-45DD-BF1A-9C6D398DA3EB}.Release|x64.Build.0 = Release|x64
		{605B036F-2204-45DD-BF1A-9C6D398DA3EB}.Release|x64.Deploy.0 = Release|x64
		{605B036F-2204-45DD-BF1A-9C6D398DA3EB}.Release|x86.ActiveCfg = Release|x64
		{605B036F-2204-45DD-BF1A-9C6D398DA3EB}.Release|x86.Build.0 = Release|x64
		{605B036F-2204-45DD-BF1A-9C6D398DA3EB}.Release|x86.Deploy.0 = Release|x64
		{780D6D12-5C95-4648-91D2-3DB110C0D142}.Debug|x86.ActiveCfg = Debug|Win32
		{780D6D12-5C95-4648-91D2-3DB110C0D142}.Debug|x86.Build.0 = Debug|Win32
		{780D6D12-5C95-4648-91D2-3DB110C0D142}.Debug|x64.ActiveCfg = Debug|x64
		{780D6D12-5C95-4648-91D2-3DB110C0D142}.Debug|x64.Build.0 = Debug|x64
		{780D6D12-5C95-4648-91D2-3DB110C0D142}.Release|x86.ActiveCfg = Release|Win32
		{780D6D12-5C95-4648-91D2-3DB110C0D142}.Release|x86.Build.0 = Release|Win32
		{780D6D12-5C95-4648-91D2-3DB110C0D142}.Release|x64.ActiveCfg = Release|x64
		{780D6D12-5C95-4648-91D2-3DB110C0D142}.Release|x64.Build.0 = Release|x64
	EndGlobalSection
	GlobalSection(SolutionProperties) = preSolution
		HideSolutionNode = FALSE
	EndGlobalSection
	GlobalSection(NestedProjects) = preSolution
		{F00E9035-12A2-400F-B8EF-77D8A965E419} = {F83ECCEF-8B19-4A8A-84A1-252322B310EE}
		{42B9E27E-05FF-4EC7-8A87-7BC31066419A} = {F83ECCEF-8B19-4A8A-84A1-252322B310EE}
		{17CFB260-0C12-456D-B117-696C476845C5} = {F83ECCEF-8B19-4A8A-84A1-252322B310EE}
		{1A2A537E-CD8B-4D12-AF0B-14239C1C9E96} = {F83ECCEF-8B19-4A8A-84A1-252322B310EE}
		{994329DA-9148-4C1E-AD8A-257185F764C4} = {F83ECCEF-8B19-4A8A-84A1-252322B310EE}
		{7880EFE5-92B3-4576-875E-DF3787DE9AC3} = {F83ECCEF-8B19-4A8A-84A1-252322B310EE}
		{605B036F-2204-45DD-BF1A-9C6D398DA3EB} = {CA48BC63-BF08-450D-B65C-5B7D80AB1394}
	EndGlobalSection
	GlobalSection(ExtensibilityGlobals) = postSolution
		SolutionGuid = {4369A054-8541-47B9-9A4F-ED9D7D6B8E60}
	EndGlobalSection
EndGlobal
