<?xml version="1.0" encoding="utf-8"?>
<Project ToolsVersion="4.0" xmlns="http://schemas.microsoft.com/developer/msbuild/2003">
  <ItemGroup>
    <Filter Include="Source Files">
      <UniqueIdentifier>{4FC737F1-C7A5-4376-A066-2A32D752A2FF}</UniqueIdentifier>
      <Extensions>cpp;c;cc;cxx;c++;cppm;ixx;def;odl;idl;hpj;bat;asm;asmx</Extensions>
    </Filter>
    <Filter Include="Header Files">
      <UniqueIdentifier>{93995380-89BD-4b04-88EB-625FBE52EBFB}</UniqueIdentifier>
      <Extensions>h;hh;hpp;hxx;h++;hm;inl;inc;ipp;xsd</Extensions>
    </Filter>
    <Filter Include="Resource Files">
      <UniqueIdentifier>{67DA6AB6-F800-4c08-8B7A-83BB121AAD01}</UniqueIdentifier>
      <Extensions>rc;ico;cur;bmp;dlg;rc2;rct;bin;rgs;gif;jpg;jpeg;jpe;resx;tiff;tif;png;wav;mfcribbon-ms</Extensions>
    </Filter>
    <Filter Include="Source Files\Common">
      <UniqueIdentifier>{feca8bfa-e31c-4c35-bbd5-41bb20dea32e}</UniqueIdentifier>
    </Filter>
    <Filter Include="Header Files\Common">
      <UniqueIdentifier>{c9d7443a-f4ff-4c0a-91ab-0598ef326b6d}</UniqueIdentifier>
    </Filter>
    <Filter Include="Source Files\Common\Logger">
      <UniqueIdentifier>{f080260d-643b-429e-a913-f023a3957d4f}</UniqueIdentifier>
    </Filter>
    <Filter Include="Header Files\Common\Logger">
      <UniqueIdentifier>{16bbd748-b8ee-4444-9b98-0c30d8921b18}</UniqueIdentifier>
    </Filter>
    <Filter Include="Source Files\Common\FileSystem">
      <UniqueIdentifier>{79c95831-f3e4-4480-86f5-1d3a0a114229}</UniqueIdentifier>
    </Filter>
    <Filter Include="Header Files\Common\FileSystem">
      <UniqueIdentifier>{01a12fb3-e502-49db-897d-66ecbace847e}</UniqueIdentifier>
    </Filter>
  </ItemGroup>
  <ItemGroup>
    <ClCompile Include="WinMain.cpp">
      <Filter>Source Files</Filter>
    </ClCompile>
    <ClCompile Include="..\Common\Logger\Logger.cpp">
      <Filter>Source Files\Common\Logger</Filter>
    </ClCompile>
    <ClCompile Include="..\Common\FileSystem\FileSystem.cpp">
      <Filter>Source Files\Common\FileSystem</Filter>
    </ClCompile>
    <ClCompile Include="..\Common\Common.cpp">
      <Filter>Source Files\Common</Filter>
    </ClCompile>
  </ItemGroup>
  <ItemGroup>
    <ClInclude Include="WinMain.h">
      <Filter>Header Files</Filter>
    </ClInclude>
    <ClInclude Include="..\Common\Logger\Logger.h">
      <Filter>Header Files\Common\Logger</Filter>
    </ClInclude>
    <ClInclude Include="..\Common\FileSystem\FileSystem.h">
      <Filter>Header Files\Common\FileSystem</Filter>
    </ClInclude>
    <ClInclude Include="..\Common\Common.h">
      <Filter>Header Files\Common</Filter>
    </ClInclude>
    <ClInclude Include="resource.h">
      <Filter>Header Files</Filter>
    </ClInclude>
  </ItemGroup>
  <ItemGroup>
    <ResourceCompile Include="GameLauncher.rc">
      <Filter>Resource Files</Filter>
    </ResourceCompile>
  </ItemGroup>
  <ItemGroup>
    <Image Include="res\icon.ico">
      <Filter>Resource Files</Filter>
    </Image>
  </ItemGroup>
</Project>